// !$*UTF8*$!
{
	archiveVersion = 1;
	classes = {
	};
	objectVersion = 46;
	objects = {

/* Begin PBXBuildFile section */
		D41C457C1D623969003A5C45 /* AppDelegate.swift in Sources */ = {isa = PBXBuildFile; fileRef = D41C457B1D623969003A5C45 /* AppDelegate.swift */; };
		D41C457E1D623969003A5C45 /* ViewController.swift in Sources */ = {isa = PBXBuildFile; fileRef = D41C457D1D623969003A5C45 /* ViewController.swift */; };
		D41C45811D623969003A5C45 /* Main.storyboard in Resources */ = {isa = PBXBuildFile; fileRef = D41C457F1D623969003A5C45 /* Main.storyboard */; };
		D41C45831D623969003A5C45 /* Assets.xcassets in Resources */ = {isa = PBXBuildFile; fileRef = D41C45821D623969003A5C45 /* Assets.xcassets */; };
		D41C45861D623969003A5C45 /* LaunchScreen.storyboard in Resources */ = {isa = PBXBuildFile; fileRef = D41C45841D623969003A5C45 /* LaunchScreen.storyboard */; };
		D41C45911D623969003A5C45 /* The_BillTests.swift in Sources */ = {isa = PBXBuildFile; fileRef = D41C45901D623969003A5C45 /* The_BillTests.swift */; };
		D41C459C1D623969003A5C45 /* The_BillUITests.swift in Sources */ = {isa = PBXBuildFile; fileRef = D41C459B1D623969003A5C45 /* The_BillUITests.swift */; };
		D44801881D8CA4870076AE30 /* ProximaNovaCond-Light.otf in Resources */ = {isa = PBXBuildFile; fileRef = D44801851D8CA4870076AE30 /* ProximaNovaCond-Light.otf */; };
		D45EAC8C1D8C57BF008FCAFB /* heart_icon.pdf in Resources */ = {isa = PBXBuildFile; fileRef = D45EAC8B1D8C57BF008FCAFB /* heart_icon.pdf */; };
		D4ED1E541D8CA75500F3F33D /* app_icon@2x.png in Resources */ = {isa = PBXBuildFile; fileRef = D4ED1E521D8CA75500F3F33D /* app_icon@2x.png */; };
		D4ED1E551D8CA75500F3F33D /* app_icon@3x.png in Resources */ = {isa = PBXBuildFile; fileRef = D4ED1E531D8CA75500F3F33D /* app_icon@3x.png */; };
		D4ED1E571D8CA9A100F3F33D /* ProximaNova-Light.otf in Resources */ = {isa = PBXBuildFile; fileRef = D4ED1E561D8CA80E00F3F33D /* ProximaNova-Light.otf */; };
/* End PBXBuildFile section */

/* Begin PBXContainerItemProxy section */
		D41C458D1D623969003A5C45 /* PBXContainerItemProxy */ = {
			isa = PBXContainerItemProxy;
			containerPortal = D41C45701D623969003A5C45 /* Project object */;
			proxyType = 1;
			remoteGlobalIDString = D41C45771D623969003A5C45;
			remoteInfo = "The Bill";
		};
		D41C45981D623969003A5C45 /* PBXContainerItemProxy */ = {
			isa = PBXContainerItemProxy;
			containerPortal = D41C45701D623969003A5C45 /* Project object */;
			proxyType = 1;
			remoteGlobalIDString = D41C45771D623969003A5C45;
			remoteInfo = "The Bill";
		};
/* End PBXContainerItemProxy section */

/* Begin PBXFileReference section */
		D41C45781D623969003A5C45 /* The Bill.app */ = {isa = PBXFileReference; explicitFileType = wrapper.application; includeInIndex = 0; path = "The Bill.app"; sourceTree = BUILT_PRODUCTS_DIR; };
		D41C457B1D623969003A5C45 /* AppDelegate.swift */ = {isa = PBXFileReference; lastKnownFileType = sourcecode.swift; path = AppDelegate.swift; sourceTree = "<group>"; };
		D41C457D1D623969003A5C45 /* ViewController.swift */ = {isa = PBXFileReference; lastKnownFileType = sourcecode.swift; path = ViewController.swift; sourceTree = "<group>"; };
		D41C45801D623969003A5C45 /* Base */ = {isa = PBXFileReference; lastKnownFileType = file.storyboard; name = Base; path = Base.lproj/Main.storyboard; sourceTree = "<group>"; };
		D41C45821D623969003A5C45 /* Assets.xcassets */ = {isa = PBXFileReference; lastKnownFileType = folder.assetcatalog; path = Assets.xcassets; sourceTree = "<group>"; };
		D41C45851D623969003A5C45 /* Base */ = {isa = PBXFileReference; lastKnownFileType = file.storyboard; name = Base; path = Base.lproj/LaunchScreen.storyboard; sourceTree = "<group>"; };
		D41C45871D623969003A5C45 /* Info.plist */ = {isa = PBXFileReference; lastKnownFileType = text.plist.xml; path = Info.plist; sourceTree = "<group>"; };
		D41C458C1D623969003A5C45 /* The BillTests.xctest */ = {isa = PBXFileReference; explicitFileType = wrapper.cfbundle; includeInIndex = 0; path = "The BillTests.xctest"; sourceTree = BUILT_PRODUCTS_DIR; };
		D41C45901D623969003A5C45 /* The_BillTests.swift */ = {isa = PBXFileReference; lastKnownFileType = sourcecode.swift; path = The_BillTests.swift; sourceTree = "<group>"; };
		D41C45921D623969003A5C45 /* Info.plist */ = {isa = PBXFileReference; lastKnownFileType = text.plist.xml; path = Info.plist; sourceTree = "<group>"; };
		D41C45971D623969003A5C45 /* The BillUITests.xctest */ = {isa = PBXFileReference; explicitFileType = wrapper.cfbundle; includeInIndex = 0; path = "The BillUITests.xctest"; sourceTree = BUILT_PRODUCTS_DIR; };
		D41C459B1D623969003A5C45 /* The_BillUITests.swift */ = {isa = PBXFileReference; lastKnownFileType = sourcecode.swift; path = The_BillUITests.swift; sourceTree = "<group>"; };
		D41C459D1D623969003A5C45 /* Info.plist */ = {isa = PBXFileReference; lastKnownFileType = text.plist.xml; path = Info.plist; sourceTree = "<group>"; };
		D44801851D8CA4870076AE30 /* ProximaNovaCond-Light.otf */ = {isa = PBXFileReference; lastKnownFileType = file; path = "ProximaNovaCond-Light.otf"; sourceTree = "<group>"; };
		D45EAC8B1D8C57BF008FCAFB /* heart_icon.pdf */ = {isa = PBXFileReference; lastKnownFileType = image.pdf; name = heart_icon.pdf; path = Assets.xcassets/heart_icon.imageset/heart_icon.pdf; sourceTree = "<group>"; };
		D4ED1E521D8CA75500F3F33D /* app_icon@2x.png */ = {isa = PBXFileReference; lastKnownFileType = image.png; path = "app_icon@2x.png"; sourceTree = "<group>"; };
		D4ED1E531D8CA75500F3F33D /* app_icon@3x.png */ = {isa = PBXFileReference; lastKnownFileType = image.png; path = "app_icon@3x.png"; sourceTree = "<group>"; };
		D4ED1E561D8CA80E00F3F33D /* ProximaNova-Light.otf */ = {isa = PBXFileReference; lastKnownFileType = file; path = "ProximaNova-Light.otf"; sourceTree = "<group>"; };
/* End PBXFileReference section */

/* Begin PBXFrameworksBuildPhase section */
		D41C45751D623969003A5C45 /* Frameworks */ = {
			isa = PBXFrameworksBuildPhase;
			buildActionMask = 2147483647;
			files = (
			);
			runOnlyForDeploymentPostprocessing = 0;
		};
		D41C45891D623969003A5C45 /* Frameworks */ = {
			isa = PBXFrameworksBuildPhase;
			buildActionMask = 2147483647;
			files = (
			);
			runOnlyForDeploymentPostprocessing = 0;
		};
		D41C45941D623969003A5C45 /* Frameworks */ = {
			isa = PBXFrameworksBuildPhase;
			buildActionMask = 2147483647;
			files = (
			);
			runOnlyForDeploymentPostprocessing = 0;
		};
/* End PBXFrameworksBuildPhase section */

/* Begin PBXGroup section */
		D41C456F1D623969003A5C45 = {
			isa = PBXGroup;
			children = (
				D41C457A1D623969003A5C45 /* The Bill */,
				D41C458F1D623969003A5C45 /* The BillTests */,
				D41C459A1D623969003A5C45 /* The BillUITests */,
				D41C45791D623969003A5C45 /* Products */,
			);
			sourceTree = "<group>";
		};
		D41C45791D623969003A5C45 /* Products */ = {
			isa = PBXGroup;
			children = (
				D41C45781D623969003A5C45 /* The Bill.app */,
				D41C458C1D623969003A5C45 /* The BillTests.xctest */,
				D41C45971D623969003A5C45 /* The BillUITests.xctest */,
			);
			name = Products;
			sourceTree = "<group>";
		};
		D41C457A1D623969003A5C45 /* The Bill */ = {
			isa = PBXGroup;
			children = (
				D4ED1E561D8CA80E00F3F33D /* ProximaNova-Light.otf */,
				D4ED1E521D8CA75500F3F33D /* app_icon@2x.png */,
				D4ED1E531D8CA75500F3F33D /* app_icon@3x.png */,
				D44801851D8CA4870076AE30 /* ProximaNovaCond-Light.otf */,
				D45EAC8B1D8C57BF008FCAFB /* heart_icon.pdf */,
				D41C457B1D623969003A5C45 /* AppDelegate.swift */,
				D41C457D1D623969003A5C45 /* ViewController.swift */,
				D41C457F1D623969003A5C45 /* Main.storyboard */,
				D41C45821D623969003A5C45 /* Assets.xcassets */,
				D41C45841D623969003A5C45 /* LaunchScreen.storyboard */,
				D41C45871D623969003A5C45 /* Info.plist */,
			);
			path = "The Bill";
			sourceTree = "<group>";
		};
		D41C458F1D623969003A5C45 /* The BillTests */ = {
			isa = PBXGroup;
			children = (
				D41C45901D623969003A5C45 /* The_BillTests.swift */,
				D41C45921D623969003A5C45 /* Info.plist */,
			);
			path = "The BillTests";
			sourceTree = "<group>";
		};
		D41C459A1D623969003A5C45 /* The BillUITests */ = {
			isa = PBXGroup;
			children = (
				D41C459B1D623969003A5C45 /* The_BillUITests.swift */,
				D41C459D1D623969003A5C45 /* Info.plist */,
			);
			path = "The BillUITests";
			sourceTree = "<group>";
		};
/* End PBXGroup section */

/* Begin PBXNativeTarget section */
		D41C45771D623969003A5C45 /* The Bill */ = {
			isa = PBXNativeTarget;
			buildConfigurationList = D41C45A01D623969003A5C45 /* Build configuration list for PBXNativeTarget "The Bill" */;
			buildPhases = (
				D41C45741D623969003A5C45 /* Sources */,
				D41C45751D623969003A5C45 /* Frameworks */,
				D41C45761D623969003A5C45 /* Resources */,
			);
			buildRules = (
			);
			dependencies = (
			);
			name = "The Bill";
			productName = "The Bill";
			productReference = D41C45781D623969003A5C45 /* The Bill.app */;
			productType = "com.apple.product-type.application";
		};
		D41C458B1D623969003A5C45 /* The BillTests */ = {
			isa = PBXNativeTarget;
			buildConfigurationList = D41C45A31D623969003A5C45 /* Build configuration list for PBXNativeTarget "The BillTests" */;
			buildPhases = (
				D41C45881D623969003A5C45 /* Sources */,
				D41C45891D623969003A5C45 /* Frameworks */,
				D41C458A1D623969003A5C45 /* Resources */,
			);
			buildRules = (
			);
			dependencies = (
				D41C458E1D623969003A5C45 /* PBXTargetDependency */,
			);
			name = "The BillTests";
			productName = "The BillTests";
			productReference = D41C458C1D623969003A5C45 /* The BillTests.xctest */;
			productType = "com.apple.product-type.bundle.unit-test";
		};
		D41C45961D623969003A5C45 /* The BillUITests */ = {
			isa = PBXNativeTarget;
			buildConfigurationList = D41C45A61D623969003A5C45 /* Build configuration list for PBXNativeTarget "The BillUITests" */;
			buildPhases = (
				D41C45931D623969003A5C45 /* Sources */,
				D41C45941D623969003A5C45 /* Frameworks */,
				D41C45951D623969003A5C45 /* Resources */,
			);
			buildRules = (
			);
			dependencies = (
				D41C45991D623969003A5C45 /* PBXTargetDependency */,
			);
			name = "The BillUITests";
			productName = "The BillUITests";
			productReference = D41C45971D623969003A5C45 /* The BillUITests.xctest */;
			productType = "com.apple.product-type.bundle.ui-testing";
		};
/* End PBXNativeTarget section */

/* Begin PBXProject section */
		D41C45701D623969003A5C45 /* Project object */ = {
			isa = PBXProject;
			attributes = {
				LastSwiftUpdateCheck = 0730;
				LastUpgradeCheck = 0800;
				ORGANIZATIONNAME = "Stephan Charbit";
				TargetAttributes = {
					D41C45771D623969003A5C45 = {
						CreatedOnToolsVersion = 7.3.1;
						LastSwiftMigration = 0800;
					};
					D41C458B1D623969003A5C45 = {
						CreatedOnToolsVersion = 7.3.1;
						LastSwiftMigration = 0800;
						TestTargetID = D41C45771D623969003A5C45;
					};
					D41C45961D623969003A5C45 = {
						CreatedOnToolsVersion = 7.3.1;
						LastSwiftMigration = 0800;
						TestTargetID = D41C45771D623969003A5C45;
					};
				};
			};
			buildConfigurationList = D41C45731D623969003A5C45 /* Build configuration list for PBXProject "The Bill" */;
			compatibilityVersion = "Xcode 3.2";
			developmentRegion = English;
			hasScannedForEncodings = 0;
			knownRegions = (
				en,
				Base,
			);
			mainGroup = D41C456F1D623969003A5C45;
			productRefGroup = D41C45791D623969003A5C45 /* Products */;
			projectDirPath = "";
			projectRoot = "";
			targets = (
				D41C45771D623969003A5C45 /* The Bill */,
				D41C458B1D623969003A5C45 /* The BillTests */,
				D41C45961D623969003A5C45 /* The BillUITests */,
			);
		};
/* End PBXProject section */

/* Begin PBXResourcesBuildPhase section */
		D41C45761D623969003A5C45 /* Resources */ = {
			isa = PBXResourcesBuildPhase;
			buildActionMask = 2147483647;
			files = (
				D4ED1E571D8CA9A100F3F33D /* ProximaNova-Light.otf in Resources */,
				D4ED1E541D8CA75500F3F33D /* app_icon@2x.png in Resources */,
				D41C45861D623969003A5C45 /* LaunchScreen.storyboard in Resources */,
				D41C45831D623969003A5C45 /* Assets.xcassets in Resources */,
				D4ED1E551D8CA75500F3F33D /* app_icon@3x.png in Resources */,
				D45EAC8C1D8C57BF008FCAFB /* heart_icon.pdf in Resources */,
				D44801881D8CA4870076AE30 /* ProximaNovaCond-Light.otf in Resources */,
				D41C45811D623969003A5C45 /* Main.storyboard in Resources */,
			);
			runOnlyForDeploymentPostprocessing = 0;
		};
		D41C458A1D623969003A5C45 /* Resources */ = {
			isa = PBXResourcesBuildPhase;
			buildActionMask = 2147483647;
			files = (
			);
			runOnlyForDeploymentPostprocessing = 0;
		};
		D41C45951D623969003A5C45 /* Resources */ = {
			isa = PBXResourcesBuildPhase;
			buildActionMask = 2147483647;
			files = (
			);
			runOnlyForDeploymentPostprocessing = 0;
		};
/* End PBXResourcesBuildPhase section */

/* Begin PBXSourcesBuildPhase section */
		D41C45741D623969003A5C45 /* Sources */ = {
			isa = PBXSourcesBuildPhase;
			buildActionMask = 2147483647;
			files = (
				D41C457E1D623969003A5C45 /* ViewController.swift in Sources */,
				D41C457C1D623969003A5C45 /* AppDelegate.swift in Sources */,
			);
			runOnlyForDeploymentPostprocessing = 0;
		};
		D41C45881D623969003A5C45 /* Sources */ = {
			isa = PBXSourcesBuildPhase;
			buildActionMask = 2147483647;
			files = (
				D41C45911D623969003A5C45 /* The_BillTests.swift in Sources */,
			);
			runOnlyForDeploymentPostprocessing = 0;
		};
		D41C45931D623969003A5C45 /* Sources */ = {
			isa = PBXSourcesBuildPhase;
			buildActionMask = 2147483647;
			files = (
				D41C459C1D623969003A5C45 /* The_BillUITests.swift in Sources */,
			);
			runOnlyForDeploymentPostprocessing = 0;
		};
/* End PBXSourcesBuildPhase section */

/* Begin PBXTargetDependency section */
		D41C458E1D623969003A5C45 /* PBXTargetDependency */ = {
			isa = PBXTargetDependency;
			target = D41C45771D623969003A5C45 /* The Bill */;
			targetProxy = D41C458D1D623969003A5C45 /* PBXContainerItemProxy */;
		};
		D41C45991D623969003A5C45 /* PBXTargetDependency */ = {
			isa = PBXTargetDependency;
			target = D41C45771D623969003A5C45 /* The Bill */;
			targetProxy = D41C45981D623969003A5C45 /* PBXContainerItemProxy */;
		};
/* End PBXTargetDependency section */

/* Begin PBXVariantGroup section */
		D41C457F1D623969003A5C45 /* Main.storyboard */ = {
			isa = PBXVariantGroup;
			children = (
				D41C45801D623969003A5C45 /* Base */,
			);
			name = Main.storyboard;
			sourceTree = "<group>";
		};
		D41C45841D623969003A5C45 /* LaunchScreen.storyboard */ = {
			isa = PBXVariantGroup;
			children = (
				D41C45851D623969003A5C45 /* Base */,
			);
			name = LaunchScreen.storyboard;
			sourceTree = "<group>";
		};
/* End PBXVariantGroup section */

/* Begin XCBuildConfiguration section */
		D41C459E1D623969003A5C45 /* Debug */ = {
			isa = XCBuildConfiguration;
			buildSettings = {
				ALWAYS_SEARCH_USER_PATHS = NO;
				CLANG_ANALYZER_NONNULL = YES;
				CLANG_CXX_LANGUAGE_STANDARD = "gnu++0x";
				CLANG_CXX_LIBRARY = "libc++";
				CLANG_ENABLE_MODULES = YES;
				CLANG_ENABLE_OBJC_ARC = YES;
				CLANG_WARN_BOOL_CONVERSION = YES;
				CLANG_WARN_CONSTANT_CONVERSION = YES;
				CLANG_WARN_DIRECT_OBJC_ISA_USAGE = YES_ERROR;
				CLANG_WARN_EMPTY_BODY = YES;
				CLANG_WARN_ENUM_CONVERSION = YES;
				CLANG_WARN_INFINITE_RECURSION = YES;
				CLANG_WARN_INT_CONVERSION = YES;
				CLANG_WARN_OBJC_ROOT_CLASS = YES_ERROR;
				CLANG_WARN_SUSPICIOUS_MOVE = YES;
				CLANG_WARN_UNREACHABLE_CODE = YES;
				CLANG_WARN__DUPLICATE_METHOD_MATCH = YES;
				"CODE_SIGN_IDENTITY[sdk=iphoneos*]" = "iPhone Developer";
				COPY_PHASE_STRIP = NO;
				DEBUG_INFORMATION_FORMAT = dwarf;
				ENABLE_STRICT_OBJC_MSGSEND = YES;
				ENABLE_TESTABILITY = YES;
				GCC_C_LANGUAGE_STANDARD = gnu99;
				GCC_DYNAMIC_NO_PIC = NO;
				GCC_NO_COMMON_BLOCKS = YES;
				GCC_OPTIMIZATION_LEVEL = 0;
				GCC_PREPROCESSOR_DEFINITIONS = (
					"DEBUG=1",
					"$(inherited)",
				);
				GCC_WARN_64_TO_32_BIT_CONVERSION = YES;
				GCC_WARN_ABOUT_RETURN_TYPE = YES_ERROR;
				GCC_WARN_UNDECLARED_SELECTOR = YES;
				GCC_WARN_UNINITIALIZED_AUTOS = YES_AGGRESSIVE;
				GCC_WARN_UNUSED_FUNCTION = YES;
				GCC_WARN_UNUSED_VARIABLE = YES;
				IPHONEOS_DEPLOYMENT_TARGET = 9.3;
				MTL_ENABLE_DEBUG_INFO = YES;
				ONLY_ACTIVE_ARCH = YES;
				SDKROOT = iphoneos;
				SWIFT_OPTIMIZATION_LEVEL = "-Onone";
				TARGETED_DEVICE_FAMILY = "1,2";
			};
			name = Debug;
		};
		D41C459F1D623969003A5C45 /* Release */ = {
			isa = XCBuildConfiguration;
			buildSettings = {
				ALWAYS_SEARCH_USER_PATHS = NO;
				CLANG_ANALYZER_NONNULL = YES;
				CLANG_CXX_LANGUAGE_STANDARD = "gnu++0x";
				CLANG_CXX_LIBRARY = "libc++";
				CLANG_ENABLE_MODULES = YES;
				CLANG_ENABLE_OBJC_ARC = YES;
				CLANG_WARN_BOOL_CONVERSION = YES;
				CLANG_WARN_CONSTANT_CONVERSION = YES;
				CLANG_WARN_DIRECT_OBJC_ISA_USAGE = YES_ERROR;
				CLANG_WARN_EMPTY_BODY = YES;
				CLANG_WARN_ENUM_CONVERSION = YES;
				CLANG_WARN_INFINITE_RECURSION = YES;
				CLANG_WARN_INT_CONVERSION = YES;
				CLANG_WARN_OBJC_ROOT_CLASS = YES_ERROR;
				CLANG_WARN_SUSPICIOUS_MOVE = YES;
				CLANG_WARN_UNREACHABLE_CODE = YES;
				CLANG_WARN__DUPLICATE_METHOD_MATCH = YES;
				"CODE_SIGN_IDENTITY[sdk=iphoneos*]" = "iPhone Developer";
				COPY_PHASE_STRIP = NO;
				DEBUG_INFORMATION_FORMAT = "dwarf-with-dsym";
				ENABLE_NS_ASSERTIONS = NO;
				ENABLE_STRICT_OBJC_MSGSEND = YES;
				GCC_C_LANGUAGE_STANDARD = gnu99;
				GCC_NO_COMMON_BLOCKS = YES;
				GCC_WARN_64_TO_32_BIT_CONVERSION = YES;
				GCC_WARN_ABOUT_RETURN_TYPE = YES_ERROR;
				GCC_WARN_UNDECLARED_SELECTOR = YES;
				GCC_WARN_UNINITIALIZED_AUTOS = YES_AGGRESSIVE;
				GCC_WARN_UNUSED_FUNCTION = YES;
				GCC_WARN_UNUSED_VARIABLE = YES;
				IPHONEOS_DEPLOYMENT_TARGET = 9.3;
				MTL_ENABLE_DEBUG_INFO = NO;
				SDKROOT = iphoneos;
				SWIFT_OPTIMIZATION_LEVEL = "-Owholemodule";
				TARGETED_DEVICE_FAMILY = "1,2";
				VALIDATE_PRODUCT = YES;
			};
			name = Release;
		};
		D41C45A11D623969003A5C45 /* Debug */ = {
			isa = XCBuildConfiguration;
			buildSettings = {
				ASSETCATALOG_COMPILER_APPICON_NAME = AppIcon;
				ASSETCATALOG_COMPILER_LAUNCHIMAGE_NAME = LaunchImage;
				INFOPLIST_FILE = "The Bill/Info.plist";
				LD_RUNPATH_SEARCH_PATHS = "$(inherited) @executable_path/Frameworks";
				PRODUCT_BUNDLE_IDENTIFIER = "Proteus.The-Bill";
				PRODUCT_NAME = "$(TARGET_NAME)";
				SWIFT_VERSION = 3.0;
				TARGETED_DEVICE_FAMILY = 1;
			};
			name = Debug;
		};
		D41C45A21D623969003A5C45 /* Release */ = {
			isa = XCBuildConfiguration;
			buildSettings = {
				ASSETCATALOG_COMPILER_APPICON_NAME = AppIcon;
				ASSETCATALOG_COMPILER_LAUNCHIMAGE_NAME = LaunchImage;
				INFOPLIST_FILE = "The Bill/Info.plist";
				LD_RUNPATH_SEARCH_PATHS = "$(inherited) @executable_path/Frameworks";
				PRODUCT_BUNDLE_IDENTIFIER = "Proteus.The-Bill";
				PRODUCT_NAME = "$(TARGET_NAME)";
				SWIFT_VERSION = 3.0;
				TARGETED_DEVICE_FAMILY = 1;
			};
			name = Release;
		};
		D41C45A41D623969003A5C45 /* Debug */ = {
			isa = XCBuildConfiguration;
			buildSettings = {
				BUNDLE_LOADER = "$(TEST_HOST)";
				INFOPLIST_FILE = "The BillTests/Info.plist";
				LD_RUNPATH_SEARCH_PATHS = "$(inherited) @executable_path/Frameworks @loader_path/Frameworks";
				PRODUCT_BUNDLE_IDENTIFIER = "Proteus.The-BillTests";
				PRODUCT_NAME = "$(TARGET_NAME)";
				SWIFT_VERSION = 3.0;
				TEST_HOST = "$(BUILT_PRODUCTS_DIR)/The Bill.app/The Bill";
			};
			name = Debug;
		};
		D41C45A51D623969003A5C45 /* Release */ = {
			isa = XCBuildConfiguration;
			buildSettings = {
				BUNDLE_LOADER = "$(TEST_HOST)";
				INFOPLIST_FILE = "The BillTests/Info.plist";
				LD_RUNPATH_SEARCH_PATHS = "$(inherited) @executable_path/Frameworks @loader_path/Frameworks";
				PRODUCT_BUNDLE_IDENTIFIER = "Proteus.The-BillTests";
				PRODUCT_NAME = "$(TARGET_NAME)";
				SWIFT_VERSION = 3.0;
				TEST_HOST = "$(BUILT_PRODUCTS_DIR)/The Bill.app/The Bill";
			};
			name = Release;
		};
		D41C45A71D623969003A5C45 /* Debug */ = {
			isa = XCBuildConfiguration;
			buildSettings = {
				INFOPLIST_FILE = "The BillUITests/Info.plist";
				LD_RUNPATH_SEARCH_PATHS = "$(inherited) @executable_path/Frameworks @loader_path/Frameworks";
				PRODUCT_BUNDLE_IDENTIFIER = "Proteus.The-BillUITests";
				PRODUCT_NAME = "$(TARGET_NAME)";
				SWIFT_VERSION = 3.0;
				TEST_TARGET_NAME = "The Bill";
			};
			name = Debug;
		};
		D41C45A81D623969003A5C45 /* Release */ = {
			isa = XCBuildConfiguration;
			buildSettings = {
				INFOPLIST_FILE = "The BillUITests/Info.plist";
				LD_RUNPATH_SEARCH_PATHS = "$(inherited) @executable_path/Frameworks @loader_path/Frameworks";
				PRODUCT_BUNDLE_IDENTIFIER = "Proteus.The-BillUITests";
				PRODUCT_NAME = "$(TARGET_NAME)";
				SWIFT_VERSION = 3.0;
				TEST_TARGET_NAME = "The Bill";
			};
			name = Release;
		};
/* End XCBuildConfiguration section */

/* Begin XCConfigurationList section */
		D41C45731D623969003A5C45 /* Build configuration list for PBXProject "The Bill" */ = {
			isa = XCConfigurationList;
			buildConfigurations = (
				D41C459E1D623969003A5C45 /* Debug */,
				D41C459F1D623969003A5C45 /* Release */,
			);
			defaultConfigurationIsVisible = 0;
			defaultConfigurationName = Release;
		};
		D41C45A01D623969003A5C45 /* Build configuration list for PBXNativeTarget "The Bill" */ = {
			isa = XCConfigurationList;
			buildConfigurations = (
				D41C45A11D623969003A5C45 /* Debug */,
				D41C45A21D623969003A5C45 /* Release */,
			);
			defaultConfigurationIsVisible = 0;
			defaultConfigurationName = Release;
		};
		D41C45A31D623969003A5C45 /* Build configuration list for PBXNativeTarget "The BillTests" */ = {
			isa = XCConfigurationList;
			buildConfigurations = (
				D41C45A41D623969003A5C45 /* Debug */,
				D41C45A51D623969003A5C45 /* Release */,
			);
			defaultConfigurationIsVisible = 0;
			defaultConfigurationName = Release;
		};
		D41C45A61D623969003A5C45 /* Build configuration list for PBXNativeTarget "The BillUITests" */ = {
			isa = XCConfigurationList;
			buildConfigurations = (
				D41C45A71D623969003A5C45 /* Debug */,
				D41C45A81D623969003A5C45 /* Release */,
			);
			defaultConfigurationIsVisible = 0;
			defaultConfigurationName = Release;
		};
/* End XCConfigurationList section */
	};
	rootObject = D41C45701D623969003A5C45 /* Project object */;
}
